// !$*UTF8*$!
{
	archiveVersion = 1;
	classes = {
	};
	objectVersion = 56;
	objects = {

/* Begin PBXBuildFile section */
		91EC9A5C2A28DE77000E994E /* AppDelegate.swift in Sources */ = {isa = PBXBuildFile; fileRef = 91EC9A5B2A28DE77000E994E /* AppDelegate.swift */; };
		91EC9A5E2A28DE77000E994E /* SceneDelegate.swift in Sources */ = {isa = PBXBuildFile; fileRef = 91EC9A5D2A28DE77000E994E /* SceneDelegate.swift */; };
		91EC9A602A28DE77000E994E /* ViewController.swift in Sources */ = {isa = PBXBuildFile; fileRef = 91EC9A5F2A28DE77000E994E /* ViewController.swift */; };
		91EC9A632A28DE77000E994E /* Main.storyboard in Resources */ = {isa = PBXBuildFile; fileRef = 91EC9A612A28DE77000E994E /* Main.storyboard */; };
		91EC9A652A28DE79000E994E /* Assets.xcassets in Resources */ = {isa = PBXBuildFile; fileRef = 91EC9A642A28DE79000E994E /* Assets.xcassets */; };
		91EC9A682A28DE79000E994E /* LaunchScreen.storyboard in Resources */ = {isa = PBXBuildFile; fileRef = 91EC9A662A28DE79000E994E /* LaunchScreen.storyboard */; };
		91EC9A732A28DE79000E994E /* ChristmasLightsTests.swift in Sources */ = {isa = PBXBuildFile; fileRef = 91EC9A722A28DE79000E994E /* ChristmasLightsTests.swift */; };
		91EC9A7D2A28DE79000E994E /* ChristmasLightsUITests.swift in Sources */ = {isa = PBXBuildFile; fileRef = 91EC9A7C2A28DE79000E994E /* ChristmasLightsUITests.swift */; };
		91EC9A7F2A28DE79000E994E /* ChristmasLightsUITestsLaunchTests.swift in Sources */ = {isa = PBXBuildFile; fileRef = 91EC9A7E2A28DE79000E994E /* ChristmasLightsUITestsLaunchTests.swift */; };
		91EC9A8C2A28DE95000E994E /* LightGrid.swift in Sources */ = {isa = PBXBuildFile; fileRef = 91EC9A8B2A28DE95000E994E /* LightGrid.swift */; };
		91EC9A8F2A28E1EB000E994E /* CoordinatePair.swift in Sources */ = {isa = PBXBuildFile; fileRef = 91EC9A8E2A28E1EB000E994E /* CoordinatePair.swift */; };
		91EC9A912A28E227000E994E /* Light.swift in Sources */ = {isa = PBXBuildFile; fileRef = 91EC9A902A28E227000E994E /* Light.swift */; };
/* End PBXBuildFile section */

/* Begin PBXContainerItemProxy section */
		91EC9A6F2A28DE79000E994E /* PBXContainerItemProxy */ = {
			isa = PBXContainerItemProxy;
			containerPortal = 91EC9A502A28DE77000E994E /* Project object */;
			proxyType = 1;
			remoteGlobalIDString = 91EC9A572A28DE77000E994E;
			remoteInfo = ChristmasLights;
		};
		91EC9A792A28DE79000E994E /* PBXContainerItemProxy */ = {
			isa = PBXContainerItemProxy;
			containerPortal = 91EC9A502A28DE77000E994E /* Project object */;
			proxyType = 1;
			remoteGlobalIDString = 91EC9A572A28DE77000E994E;
			remoteInfo = ChristmasLights;
		};
/* End PBXContainerItemProxy section */

/* Begin PBXFileReference section */
		91EC9A582A28DE77000E994E /* ChristmasLights.app */ = {isa = PBXFileReference; explicitFileType = wrapper.application; includeInIndex = 0; path = ChristmasLights.app; sourceTree = BUILT_PRODUCTS_DIR; };
		91EC9A5B2A28DE77000E994E /* AppDelegate.swift */ = {isa = PBXFileReference; lastKnownFileType = sourcecode.swift; path = AppDelegate.swift; sourceTree = "<group>"; };
		91EC9A5D2A28DE77000E994E /* SceneDelegate.swift */ = {isa = PBXFileReference; lastKnownFileType = sourcecode.swift; path = SceneDelegate.swift; sourceTree = "<group>"; };
		91EC9A5F2A28DE77000E994E /* ViewController.swift */ = {isa = PBXFileReference; lastKnownFileType = sourcecode.swift; path = ViewController.swift; sourceTree = "<group>"; };
		91EC9A622A28DE77000E994E /* Base */ = {isa = PBXFileReference; lastKnownFileType = file.storyboard; name = Base; path = Base.lproj/Main.storyboard; sourceTree = "<group>"; };
		91EC9A642A28DE79000E994E /* Assets.xcassets */ = {isa = PBXFileReference; lastKnownFileType = folder.assetcatalog; path = Assets.xcassets; sourceTree = "<group>"; };
		91EC9A672A28DE79000E994E /* Base */ = {isa = PBXFileReference; lastKnownFileType = file.storyboard; name = Base; path = Base.lproj/LaunchScreen.storyboard; sourceTree = "<group>"; };
		91EC9A692A28DE79000E994E /* Info.plist */ = {isa = PBXFileReference; lastKnownFileType = text.plist.xml; path = Info.plist; sourceTree = "<group>"; };
		91EC9A6E2A28DE79000E994E /* ChristmasLightsTests.xctest */ = {isa = PBXFileReference; explicitFileType = wrapper.cfbundle; includeInIndex = 0; path = ChristmasLightsTests.xctest; sourceTree = BUILT_PRODUCTS_DIR; };
		91EC9A722A28DE79000E994E /* ChristmasLightsTests.swift */ = {isa = PBXFileReference; lastKnownFileType = sourcecode.swift; path = ChristmasLightsTests.swift; sourceTree = "<group>"; };
		91EC9A782A28DE79000E994E /* ChristmasLightsUITests.xctest */ = {isa = PBXFileReference; explicitFileType = wrapper.cfbundle; includeInIndex = 0; path = ChristmasLightsUITests.xctest; sourceTree = BUILT_PRODUCTS_DIR; };
		91EC9A7C2A28DE79000E994E /* ChristmasLightsUITests.swift */ = {isa = PBXFileReference; lastKnownFileType = sourcecode.swift; path = ChristmasLightsUITests.swift; sourceTree = "<group>"; };
		91EC9A7E2A28DE79000E994E /* ChristmasLightsUITestsLaunchTests.swift */ = {isa = PBXFileReference; lastKnownFileType = sourcecode.swift; path = ChristmasLightsUITestsLaunchTests.swift; sourceTree = "<group>"; };
		91EC9A8B2A28DE95000E994E /* LightGrid.swift */ = {isa = PBXFileReference; lastKnownFileType = sourcecode.swift; path = LightGrid.swift; sourceTree = "<group>"; };
		91EC9A8E2A28E1EB000E994E /* CoordinatePair.swift */ = {isa = PBXFileReference; lastKnownFileType = sourcecode.swift; path = CoordinatePair.swift; sourceTree = "<group>"; };
		91EC9A902A28E227000E994E /* Light.swift */ = {isa = PBXFileReference; lastKnownFileType = sourcecode.swift; path = Light.swift; sourceTree = "<group>"; };
/* End PBXFileReference section */

/* Begin PBXFrameworksBuildPhase section */
		91EC9A552A28DE77000E994E /* Frameworks */ = {
			isa = PBXFrameworksBuildPhase;
			buildActionMask = 2147483647;
			files = (
			);
			runOnlyForDeploymentPostprocessing = 0;
		};
		91EC9A6B2A28DE79000E994E /* Frameworks */ = {
			isa = PBXFrameworksBuildPhase;
			buildActionMask = 2147483647;
			files = (
			);
			runOnlyForDeploymentPostprocessing = 0;
		};
		91EC9A752A28DE79000E994E /* Frameworks */ = {
			isa = PBXFrameworksBuildPhase;
			buildActionMask = 2147483647;
			files = (
			);
			runOnlyForDeploymentPostprocessing = 0;
		};
/* End PBXFrameworksBuildPhase section */

/* Begin PBXGroup section */
		91EC9A4F2A28DE77000E994E = {
			isa = PBXGroup;
			children = (
				91EC9A5A2A28DE77000E994E /* ChristmasLights */,
				91EC9A712A28DE79000E994E /* ChristmasLightsTests */,
				91EC9A7B2A28DE79000E994E /* ChristmasLightsUITests */,
				91EC9A592A28DE77000E994E /* Products */,
			);
			sourceTree = "<group>";
		};
		91EC9A592A28DE77000E994E /* Products */ = {
			isa = PBXGroup;
			children = (
				91EC9A582A28DE77000E994E /* ChristmasLights.app */,
				91EC9A6E2A28DE79000E994E /* ChristmasLightsTests.xctest */,
				91EC9A782A28DE79000E994E /* ChristmasLightsUITests.xctest */,
			);
			name = Products;
			sourceTree = "<group>";
		};
		91EC9A5A2A28DE77000E994E /* ChristmasLights */ = {
			isa = PBXGroup;
			children = (
				91EC9A8D2A28E1D8000E994E /* Models */,
				91EC9A5B2A28DE77000E994E /* AppDelegate.swift */,
				91EC9A5D2A28DE77000E994E /* SceneDelegate.swift */,
				91EC9A5F2A28DE77000E994E /* ViewController.swift */,
				91EC9A612A28DE77000E994E /* Main.storyboard */,
				91EC9A642A28DE79000E994E /* Assets.xcassets */,
				91EC9A662A28DE79000E994E /* LaunchScreen.storyboard */,
				91EC9A692A28DE79000E994E /* Info.plist */,
			);
			path = ChristmasLights;
			sourceTree = "<group>";
		};
		91EC9A712A28DE79000E994E /* ChristmasLightsTests */ = {
			isa = PBXGroup;
			children = (
				91EC9A722A28DE79000E994E /* ChristmasLightsTests.swift */,
			);
			path = ChristmasLightsTests;
			sourceTree = "<group>";
		};
		91EC9A7B2A28DE79000E994E /* ChristmasLightsUITests */ = {
			isa = PBXGroup;
			children = (
				91EC9A7C2A28DE79000E994E /* ChristmasLightsUITests.swift */,
				91EC9A7E2A28DE79000E994E /* ChristmasLightsUITestsLaunchTests.swift */,
			);
			path = ChristmasLightsUITests;
			sourceTree = "<group>";
		};
		91EC9A8D2A28E1D8000E994E /* Models */ = {
			isa = PBXGroup;
			children = (
				91EC9A8E2A28E1EB000E994E /* CoordinatePair.swift */,
				91EC9A902A28E227000E994E /* Light.swift */,
				91EC9A8B2A28DE95000E994E /* LightGrid.swift */,
			);
			path = Models;
			sourceTree = "<group>";
		};
/* End PBXGroup section */

/* Begin PBXNativeTarget section */
		91EC9A572A28DE77000E994E /* ChristmasLights */ = {
			isa = PBXNativeTarget;
			buildConfigurationList = 91EC9A822A28DE79000E994E /* Build configuration list for PBXNativeTarget "ChristmasLights" */;
			buildPhases = (
				91EC9A542A28DE77000E994E /* Sources */,
				91EC9A552A28DE77000E994E /* Frameworks */,
				91EC9A562A28DE77000E994E /* Resources */,
			);
			buildRules = (
			);
			dependencies = (
			);
			name = ChristmasLights;
			productName = ChristmasLights;
			productReference = 91EC9A582A28DE77000E994E /* ChristmasLights.app */;
			productType = "com.apple.product-type.application";
		};
		91EC9A6D2A28DE79000E994E /* ChristmasLightsTests */ = {
			isa = PBXNativeTarget;
			buildConfigurationList = 91EC9A852A28DE79000E994E /* Build configuration list for PBXNativeTarget "ChristmasLightsTests" */;
			buildPhases = (
				91EC9A6A2A28DE79000E994E /* Sources */,
				91EC9A6B2A28DE79000E994E /* Frameworks */,
				91EC9A6C2A28DE79000E994E /* Resources */,
			);
			buildRules = (
			);
			dependencies = (
				91EC9A702A28DE79000E994E /* PBXTargetDependency */,
			);
			name = ChristmasLightsTests;
			productName = ChristmasLightsTests;
			productReference = 91EC9A6E2A28DE79000E994E /* ChristmasLightsTests.xctest */;
			productType = "com.apple.product-type.bundle.unit-test";
		};
		91EC9A772A28DE79000E994E /* ChristmasLightsUITests */ = {
			isa = PBXNativeTarget;
			buildConfigurationList = 91EC9A882A28DE79000E994E /* Build configuration list for PBXNativeTarget "ChristmasLightsUITests" */;
			buildPhases = (
				91EC9A742A28DE79000E994E /* Sources */,
				91EC9A752A28DE79000E994E /* Frameworks */,
				91EC9A762A28DE79000E994E /* Resources */,
			);
			buildRules = (
			);
			dependencies = (
				91EC9A7A2A28DE79000E994E /* PBXTargetDependency */,
			);
			name = ChristmasLightsUITests;
			productName = ChristmasLightsUITests;
			productReference = 91EC9A782A28DE79000E994E /* ChristmasLightsUITests.xctest */;
			productType = "com.apple.product-type.bundle.ui-testing";
		};
/* End PBXNativeTarget section */

/* Begin PBXProject section */
		91EC9A502A28DE77000E994E /* Project object */ = {
			isa = PBXProject;
			attributes = {
				BuildIndependentTargetsInParallel = 1;
				LastSwiftUpdateCheck = 1420;
				LastUpgradeCheck = 1420;
				TargetAttributes = {
					91EC9A572A28DE77000E994E = {
						CreatedOnToolsVersion = 14.2;
					};
					91EC9A6D2A28DE79000E994E = {
						CreatedOnToolsVersion = 14.2;
						TestTargetID = 91EC9A572A28DE77000E994E;
					};
					91EC9A772A28DE79000E994E = {
						CreatedOnToolsVersion = 14.2;
						TestTargetID = 91EC9A572A28DE77000E994E;
					};
				};
			};
			buildConfigurationList = 91EC9A532A28DE77000E994E /* Build configuration list for PBXProject "ChristmasLights" */;
			compatibilityVersion = "Xcode 14.0";
			developmentRegion = en;
			hasScannedForEncodings = 0;
			knownRegions = (
				en,
				Base,
			);
			mainGroup = 91EC9A4F2A28DE77000E994E;
			productRefGroup = 91EC9A592A28DE77000E994E /* Products */;
			projectDirPath = "";
			projectRoot = "";
			targets = (
				91EC9A572A28DE77000E994E /* ChristmasLights */,
				91EC9A6D2A28DE79000E994E /* ChristmasLightsTests */,
				91EC9A772A28DE79000E994E /* ChristmasLightsUITests */,
			);
		};
/* End PBXProject section */

/* Begin PBXResourcesBuildPhase section */
		91EC9A562A28DE77000E994E /* Resources */ = {
			isa = PBXResourcesBuildPhase;
			buildActionMask = 2147483647;
			files = (
				91EC9A682A28DE79000E994E /* LaunchScreen.storyboard in Resources */,
				91EC9A652A28DE79000E994E /* Assets.xcassets in Resources */,
				91EC9A632A28DE77000E994E /* Main.storyboard in Resources */,
			);
			runOnlyForDeploymentPostprocessing = 0;
		};
		91EC9A6C2A28DE79000E994E /* Resources */ = {
			isa = PBXResourcesBuildPhase;
			buildActionMask = 2147483647;
			files = (
			);
			runOnlyForDeploymentPostprocessing = 0;
		};
		91EC9A762A28DE79000E994E /* Resources */ = {
			isa = PBXResourcesBuildPhase;
			buildActionMask = 2147483647;
			files = (
			);
			runOnlyForDeploymentPostprocessing = 0;
		};
/* End PBXResourcesBuildPhase section */

/* Begin PBXSourcesBuildPhase section */
		91EC9A542A28DE77000E994E /* Sources */ = {
			isa = PBXSourcesBuildPhase;
			buildActionMask = 2147483647;
			files = (
				91EC9A912A28E227000E994E /* Light.swift in Sources */,
				91EC9A8F2A28E1EB000E994E /* CoordinatePair.swift in Sources */,
				91EC9A8C2A28DE95000E994E /* LightGrid.swift in Sources */,
				91EC9A602A28DE77000E994E /* ViewController.swift in Sources */,
				91EC9A5C2A28DE77000E994E /* AppDelegate.swift in Sources */,
				91EC9A5E2A28DE77000E994E /* SceneDelegate.swift in Sources */,
			);
			runOnlyForDeploymentPostprocessing = 0;
		};
		91EC9A6A2A28DE79000E994E /* Sources */ = {
			isa = PBXSourcesBuildPhase;
			buildActionMask = 2147483647;
			files = (
				91EC9A732A28DE79000E994E /* ChristmasLightsTests.swift in Sources */,
			);
			runOnlyForDeploymentPostprocessing = 0;
		};
		91EC9A742A28DE79000E994E /* Sources */ = {
			isa = PBXSourcesBuildPhase;
			buildActionMask = 2147483647;
			files = (
				91EC9A7F2A28DE79000E994E /* ChristmasLightsUITestsLaunchTests.swift in Sources */,
				91EC9A7D2A28DE79000E994E /* ChristmasLightsUITests.swift in Sources */,
			);
			runOnlyForDeploymentPostprocessing = 0;
		};
/* End PBXSourcesBuildPhase section */

/* Begin PBXTargetDependency section */
		91EC9A702A28DE79000E994E /* PBXTargetDependency */ = {
			isa = PBXTargetDependency;
			target = 91EC9A572A28DE77000E994E /* ChristmasLights */;
			targetProxy = 91EC9A6F2A28DE79000E994E /* PBXContainerItemProxy */;
		};
		91EC9A7A2A28DE79000E994E /* PBXTargetDependency */ = {
			isa = PBXTargetDependency;
			target = 91EC9A572A28DE77000E994E /* ChristmasLights */;
			targetProxy = 91EC9A792A28DE79000E994E /* PBXContainerItemProxy */;
		};
/* End PBXTargetDependency section */

/* Begin PBXVariantGroup section */
		91EC9A612A28DE77000E994E /* Main.storyboard */ = {
			isa = PBXVariantGroup;
			children = (
				91EC9A622A28DE77000E994E /* Base */,
			);
			name = Main.storyboard;
			sourceTree = "<group>";
		};
		91EC9A662A28DE79000E994E /* LaunchScreen.storyboard */ = {
			isa = PBXVariantGroup;
			children = (
				91EC9A672A28DE79000E994E /* Base */,
			);
			name = LaunchScreen.storyboard;
			sourceTree = "<group>";
		};
/* End PBXVariantGroup section */

/* Begin XCBuildConfiguration section */
		91EC9A802A28DE79000E994E /* Debug */ = {
			isa = XCBuildConfiguration;
			buildSettings = {
				ALWAYS_SEARCH_USER_PATHS = NO;
				CLANG_ANALYZER_NONNULL = YES;
				CLANG_ANALYZER_NUMBER_OBJECT_CONVERSION = YES_AGGRESSIVE;
				CLANG_CXX_LANGUAGE_STANDARD = "gnu++20";
				CLANG_ENABLE_MODULES = YES;
				CLANG_ENABLE_OBJC_ARC = YES;
				CLANG_ENABLE_OBJC_WEAK = YES;
				CLANG_WARN_BLOCK_CAPTURE_AUTORELEASING = YES;
				CLANG_WARN_BOOL_CONVERSION = YES;
				CLANG_WARN_COMMA = YES;
				CLANG_WARN_CONSTANT_CONVERSION = YES;
				CLANG_WARN_DEPRECATED_OBJC_IMPLEMENTATIONS = YES;
				CLANG_WARN_DIRECT_OBJC_ISA_USAGE = YES_ERROR;
				CLANG_WARN_DOCUMENTATION_COMMENTS = YES;
				CLANG_WARN_EMPTY_BODY = YES;
				CLANG_WARN_ENUM_CONVERSION = YES;
				CLANG_WARN_INFINITE_RECURSION = YES;
				CLANG_WARN_INT_CONVERSION = YES;
				CLANG_WARN_NON_LITERAL_NULL_CONVERSION = YES;
				CLANG_WARN_OBJC_IMPLICIT_RETAIN_SELF = YES;
				CLANG_WARN_OBJC_LITERAL_CONVERSION = YES;
				CLANG_WARN_OBJC_ROOT_CLASS = YES_ERROR;
				CLANG_WARN_QUOTED_INCLUDE_IN_FRAMEWORK_HEADER = YES;
				CLANG_WARN_RANGE_LOOP_ANALYSIS = YES;
				CLANG_WARN_STRICT_PROTOTYPES = YES;
				CLANG_WARN_SUSPICIOUS_MOVE = YES;
				CLANG_WARN_UNGUARDED_AVAILABILITY = YES_AGGRESSIVE;
				CLANG_WARN_UNREACHABLE_CODE = YES;
				CLANG_WARN__DUPLICATE_METHOD_MATCH = YES;
				COPY_PHASE_STRIP = NO;
				DEBUG_INFORMATION_FORMAT = dwarf;
				ENABLE_STRICT_OBJC_MSGSEND = YES;
				ENABLE_TESTABILITY = YES;
				GCC_C_LANGUAGE_STANDARD = gnu11;
				GCC_DYNAMIC_NO_PIC = NO;
				GCC_NO_COMMON_BLOCKS = YES;
				GCC_OPTIMIZATION_LEVEL = 0;
				GCC_PREPROCESSOR_DEFINITIONS = (
					"DEBUG=1",
					"$(inherited)",
				);
				GCC_WARN_64_TO_32_BIT_CONVERSION = YES;
				GCC_WARN_ABOUT_RETURN_TYPE = YES_ERROR;
				GCC_WARN_UNDECLARED_SELECTOR = YES;
				GCC_WARN_UNINITIALIZED_AUTOS = YES_AGGRESSIVE;
				GCC_WARN_UNUSED_FUNCTION = YES;
				GCC_WARN_UNUSED_VARIABLE = YES;
				IPHONEOS_DEPLOYMENT_TARGET = 16.2;
				MTL_ENABLE_DEBUG_INFO = INCLUDE_SOURCE;
				MTL_FAST_MATH = YES;
				ONLY_ACTIVE_ARCH = YES;
				SDKROOT = iphoneos;
				SWIFT_ACTIVE_COMPILATION_CONDITIONS = DEBUG;
				SWIFT_OPTIMIZATION_LEVEL = "-Onone";
			};
			name = Debug;
		};
		91EC9A812A28DE79000E994E /* Release */ = {
			isa = XCBuildConfiguration;
			buildSettings = {
				ALWAYS_SEARCH_USER_PATHS = NO;
				CLANG_ANALYZER_NONNULL = YES;
				CLANG_ANALYZER_NUMBER_OBJECT_CONVERSION = YES_AGGRESSIVE;
				CLANG_CXX_LANGUAGE_STANDARD = "gnu++20";
				CLANG_ENABLE_MODULES = YES;
				CLANG_ENABLE_OBJC_ARC = YES;
				CLANG_ENABLE_OBJC_WEAK = YES;
				CLANG_WARN_BLOCK_CAPTURE_AUTORELEASING = YES;
				CLANG_WARN_BOOL_CONVERSION = YES;
				CLANG_WARN_COMMA = YES;
				CLANG_WARN_CONSTANT_CONVERSION = YES;
				CLANG_WARN_DEPRECATED_OBJC_IMPLEMENTATIONS = YES;
				CLANG_WARN_DIRECT_OBJC_ISA_USAGE = YES_ERROR;
				CLANG_WARN_DOCUMENTATION_COMMENTS = YES;
				CLANG_WARN_EMPTY_BODY = YES;
				CLANG_WARN_ENUM_CONVERSION = YES;
				CLANG_WARN_INFINITE_RECURSION = YES;
				CLANG_WARN_INT_CONVERSION = YES;
				CLANG_WARN_NON_LITERAL_NULL_CONVERSION = YES;
				CLANG_WARN_OBJC_IMPLICIT_RETAIN_SELF = YES;
				CLANG_WARN_OBJC_LITERAL_CONVERSION = YES;
				CLANG_WARN_OBJC_ROOT_CLASS = YES_ERROR;
				CLANG_WARN_QUOTED_INCLUDE_IN_FRAMEWORK_HEADER = YES;
				CLANG_WARN_RANGE_LOOP_ANALYSIS = YES;
				CLANG_WARN_STRICT_PROTOTYPES = YES;
				CLANG_WARN_SUSPICIOUS_MOVE = YES;
				CLANG_WARN_UNGUARDED_AVAILABILITY = YES_AGGRESSIVE;
				CLANG_WARN_UNREACHABLE_CODE = YES;
				CLANG_WARN__DUPLICATE_METHOD_MATCH = YES;
				COPY_PHASE_STRIP = NO;
				DEBUG_INFORMATION_FORMAT = "dwarf-with-dsym";
				ENABLE_NS_ASSERTIONS = NO;
				ENABLE_STRICT_OBJC_MSGSEND = YES;
				GCC_C_LANGUAGE_STANDARD = gnu11;
				GCC_NO_COMMON_BLOCKS = YES;
				GCC_WARN_64_TO_32_BIT_CONVERSION = YES;
				GCC_WARN_ABOUT_RETURN_TYPE = YES_ERROR;
				GCC_WARN_UNDECLARED_SELECTOR = YES;
				GCC_WARN_UNINITIALIZED_AUTOS = YES_AGGRESSIVE;
				GCC_WARN_UNUSED_FUNCTION = YES;
				GCC_WARN_UNUSED_VARIABLE = YES;
				IPHONEOS_DEPLOYMENT_TARGET = 16.2;
				MTL_ENABLE_DEBUG_INFO = NO;
				MTL_FAST_MATH = YES;
				SDKROOT = iphoneos;
				SWIFT_COMPILATION_MODE = wholemodule;
				SWIFT_OPTIMIZATION_LEVEL = "-O";
				VALIDATE_PRODUCT = YES;
			};
			name = Release;
		};
		91EC9A832A28DE79000E994E /* Debug */ = {
			isa = XCBuildConfiguration;
			buildSettings = {
				ASSETCATALOG_COMPILER_APPICON_NAME = AppIcon;
				ASSETCATALOG_COMPILER_GLOBAL_ACCENT_COLOR_NAME = AccentColor;
				CODE_SIGN_STYLE = Automatic;
				CURRENT_PROJECT_VERSION = 1;
				DEVELOPMENT_TEAM = SN623CU8P7;
				GENERATE_INFOPLIST_FILE = YES;
				INFOPLIST_FILE = ChristmasLights/Info.plist;
				INFOPLIST_KEY_UIApplicationSupportsIndirectInputEvents = YES;
				INFOPLIST_KEY_UILaunchStoryboardName = LaunchScreen;
				INFOPLIST_KEY_UIMainStoryboardFile = Main;
				INFOPLIST_KEY_UISupportedInterfaceOrientations_iPad = "UIInterfaceOrientationPortrait UIInterfaceOrientationPortraitUpsideDown UIInterfaceOrientationLandscapeLeft UIInterfaceOrientationLandscapeRight";
				INFOPLIST_KEY_UISupportedInterfaceOrientations_iPhone = "UIInterfaceOrientationPortrait UIInterfaceOrientationLandscapeLeft UIInterfaceOrientationLandscapeRight";
				LD_RUNPATH_SEARCH_PATHS = (
					"$(inherited)",
					"@executable_path/Frameworks",
				);
				MARKETING_VERSION = 1.0;
				PRODUCT_BUNDLE_IDENTIFIER = app.bucktracker.ChristmasLights;
				PRODUCT_NAME = "$(TARGET_NAME)";
				SWIFT_EMIT_LOC_STRINGS = YES;
				SWIFT_VERSION = 5.0;
				TARGETED_DEVICE_FAMILY = "1,2";
			};
			name = Debug;
		};
		91EC9A842A28DE79000E994E /* Release */ = {
			isa = XCBuildConfiguration;
			buildSettings = {
				ASSETCATALOG_COMPILER_APPICON_NAME = AppIcon;
				ASSETCATALOG_COMPILER_GLOBAL_ACCENT_COLOR_NAME = AccentColor;
				CODE_SIGN_STYLE = Automatic;
				CURRENT_PROJECT_VERSION = 1;
				DEVELOPMENT_TEAM = SN623CU8P7;
				GENERATE_INFOPLIST_FILE = YES;
				INFOPLIST_FILE = ChristmasLights/Info.plist;
				INFOPLIST_KEY_UIApplicationSupportsIndirectInputEvents = YES;
				INFOPLIST_KEY_UILaunchStoryboardName = LaunchScreen;
				INFOPLIST_KEY_UIMainStoryboardFile = Main;
				INFOPLIST_KEY_UISupportedInterfaceOrientations_iPad = "UIInterfaceOrientationPortrait UIInterfaceOrientationPortraitUpsideDown UIInterfaceOrientationLandscapeLeft UIInterfaceOrientationLandscapeRight";
				INFOPLIST_KEY_UISupportedInterfaceOrientations_iPhone = "UIInterfaceOrientationPortrait UIInterfaceOrientationLandscapeLeft UIInterfaceOrientationLandscapeRight";
				LD_RUNPATH_SEARCH_PATHS = (
					"$(inherited)",
					"@executable_path/Frameworks",
				);
				MARKETING_VERSION = 1.0;
				PRODUCT_BUNDLE_IDENTIFIER = app.bucktracker.ChristmasLights;
				PRODUCT_NAME = "$(TARGET_NAME)";
				SWIFT_EMIT_LOC_STRINGS = YES;
				SWIFT_VERSION = 5.0;
				TARGETED_DEVICE_FAMILY = "1,2";
			};
			name = Release;
		};
		91EC9A862A28DE79000E994E /* Debug */ = {
			isa = XCBuildConfiguration;
			buildSettings = {
				ALWAYS_EMBED_SWIFT_STANDARD_LIBRARIES = YES;
				BUNDLE_LOADER = "$(TEST_HOST)";
				CODE_SIGN_STYLE = Automatic;
				CURRENT_PROJECT_VERSION = 1;
				DEVELOPMENT_TEAM = SN623CU8P7;
				GENERATE_INFOPLIST_FILE = YES;
				IPHONEOS_DEPLOYMENT_TARGET = 16.2;
				MARKETING_VERSION = 1.0;
				PRODUCT_BUNDLE_IDENTIFIER = app.bucktracker.ChristmasLightsTests;
				PRODUCT_NAME = "$(TARGET_NAME)";
				SWIFT_EMIT_LOC_STRINGS = NO;
				SWIFT_VERSION = 5.0;
				TARGETED_DEVICE_FAMILY = "1,2";
				TEST_HOST = "$(BUILT_PRODUCTS_DIR)/ChristmasLights.app/$(BUNDLE_EXECUTABLE_FOLDER_PATH)/ChristmasLights";
			};
			name = Debug;
		};
		91EC9A872A28DE79000E994E /* Release */ = {
			isa = XCBuildConfiguration;
			buildSettings = {
				ALWAYS_EMBED_SWIFT_STANDARD_LIBRARIES = YES;
				BUNDLE_LOADER = "$(TEST_HOST)";
				CODE_SIGN_STYLE = Automatic;
				CURRENT_PROJECT_VERSION = 1;
				DEVELOPMENT_TEAM = SN623CU8P7;
				GENERATE_INFOPLIST_FILE = YES;
				IPHONEOS_DEPLOYMENT_TARGET = 16.2;
				MARKETING_VERSION = 1.0;
				PRODUCT_BUNDLE_IDENTIFIER = app.bucktracker.ChristmasLightsTests;
				PRODUCT_NAME = "$(TARGET_NAME)";
				SWIFT_EMIT_LOC_STRINGS = NO;
				SWIFT_VERSION = 5.0;
				TARGETED_DEVICE_FAMILY = "1,2";
				TEST_HOST = "$(BUILT_PRODUCTS_DIR)/ChristmasLights.app/$(BUNDLE_EXECUTABLE_FOLDER_PATH)/ChristmasLights";
			};
			name = Release;
		};
		91EC9A892A28DE79000E994E /* Debug */ = {
			isa = XCBuildConfiguration;
			buildSettings = {
				ALWAYS_EMBED_SWIFT_STANDARD_LIBRARIES = YES;
				CODE_SIGN_STYLE = Automatic;
				CURRENT_PROJECT_VERSION = 1;
				DEVELOPMENT_TEAM = SN623CU8P7;
				GENERATE_INFOPLIST_FILE = YES;
				MARKETING_VERSION = 1.0;
				PRODUCT_BUNDLE_IDENTIFIER = app.bucktracker.ChristmasLightsUITests;
				PRODUCT_NAME = "$(TARGET_NAME)";
				SWIFT_EMIT_LOC_STRINGS = NO;
				SWIFT_VERSION = 5.0;
				TARGETED_DEVICE_FAMILY = "1,2";
				TEST_TARGET_NAME = ChristmasLights;
			};
			name = Debug;
		};
		91EC9A8A2A28DE79000E994E /* Release */ = {
			isa = XCBuildConfiguration;
			buildSettings = {
				ALWAYS_EMBED_SWIFT_STANDARD_LIBRARIES = YES;
				CODE_SIGN_STYLE = Automatic;
				CURRENT_PROJECT_VERSION = 1;
				DEVELOPMENT_TEAM = SN623CU8P7;
				GENERATE_INFOPLIST_FILE = YES;
				MARKETING_VERSION = 1.0;
				PRODUCT_BUNDLE_IDENTIFIER = app.bucktracker.ChristmasLightsUITests;
				PRODUCT_NAME = "$(TARGET_NAME)";
				SWIFT_EMIT_LOC_STRINGS = NO;
				SWIFT_VERSION = 5.0;
				TARGETED_DEVICE_FAMILY = "1,2";
				TEST_TARGET_NAME = ChristmasLights;
			};
			name = Release;
		};
/* End XCBuildConfiguration section */

/* Begin XCConfigurationList section */
		91EC9A532A28DE77000E994E /* Build configuration list for PBXProject "ChristmasLights" */ = {
			isa = XCConfigurationList;
			buildConfigurations = (
				91EC9A802A28DE79000E994E /* Debug */,
				91EC9A812A28DE79000E994E /* Release */,
			);
			defaultConfigurationIsVisible = 0;
			defaultConfigurationName = Release;
		};
		91EC9A822A28DE79000E994E /* Build configuration list for PBXNativeTarget "ChristmasLights" */ = {
			isa = XCConfigurationList;
			buildConfigurations = (
				91EC9A832A28DE79000E994E /* Debug */,
				91EC9A842A28DE79000E994E /* Release */,
			);
			defaultConfigurationIsVisible = 0;
			defaultConfigurationName = Release;
		};
		91EC9A852A28DE79000E994E /* Build configuration list for PBXNativeTarget "ChristmasLightsTests" */ = {
			isa = XCConfigurationList;
			buildConfigurations = (
				91EC9A862A28DE79000E994E /* Debug */,
				91EC9A872A28DE79000E994E /* Release */,
			);
			defaultConfigurationIsVisible = 0;
			defaultConfigurationName = Release;
		};
		91EC9A882A28DE79000E994E /* Build configuration list for PBXNativeTarget "ChristmasLightsUITests" */ = {
			isa = XCConfigurationList;
			buildConfigurations = (
				91EC9A892A28DE79000E994E /* Debug */,
				91EC9A8A2A28DE79000E994E /* Release */,
			);
			defaultConfigurationIsVisible = 0;
			defaultConfigurationName = Release;
		};
/* End XCConfigurationList section */
	};
	rootObject = 91EC9A502A28DE77000E994E /* Project object */;
}
